
Microsoft Visual Studio Solution File, Format Version 12.00
# Visual Studio Version 16
VisualStudioVersion = 16.0.30503.244
MinimumVisualStudioVersion = 10.0.40219.1
Project("{FAE04EC0-301F-11D3-BF4B-00C04F79EFBC}") = "SQTest", "SQTest\SQTest.csproj", "{479ED8A9-9D23-4E3B-8F8E-BA4D9E02C404}"
EndProject
Global
	GlobalSection(SolutionConfigurationPlatforms) = preSolution
		Debug|Any CPU = Debug|Any CPU
		Release|Any CPU = Release|Any CPU
	EndGlobalSection
	GlobalSection(ProjectConfigurationPlatforms) = postSolution
		{479ED8A9-9D23-4E3B-8F8E-BA4D9E02C404}.Debug|Any CPU.ActiveCfg = Debug|Any CPU
		{479ED8A9-9D23-4E3B-8F8E-BA4D9E02C404}.Debug|Any CPU.Build.0 = Debug|Any CPU
		{479ED8A9-9D23-4E3B-8F8E-BA4D9E02C404}.Release|Any CPU.ActiveCfg = Release|Any CPU
		{479ED8A9-9D23-4E3B-8F8E-BA4D9E02C404}.Release|Any CPU.Build.0 = Release|Any CPU
	EndGlobalSection
	GlobalSection(SolutionProperties) = preSolution
		HideSolutionNode = FALSE
	EndGlobalSection
	GlobalSection(ExtensibilityGlobals) = postSolution
		SolutionGuid = {3D691FE2-ED24-4AF3-A7B7-21919928603D}
	EndGlobalSection
EndGlobal
